
Microsoft Visual Studio Solution File, Format Version 12.00
# Visual Studio Version 16
VisualStudioVersion = 16.0.29230.47
MinimumVisualStudioVersion = 10.0.40219.1
Project("{FAE04EC0-301F-11D3-BF4B-00C04F79EFBC}") = "TP - Mochila", "TP - Mochila\TP - Mochila.csproj", "{E7ED64CC-890D-4AF6-BF43-F2CF78D399F5}"
EndProject
Global
	GlobalSection(SolutionConfigurationPlatforms) = preSolution
		Debug|Any CPU = Debug|Any CPU
		Release|Any CPU = Release|Any CPU
	EndGlobalSection
	GlobalSection(ProjectConfigurationPlatforms) = postSolution
		{E7ED64CC-890D-4AF6-BF43-F2CF78D399F5}.Debug|Any CPU.ActiveCfg = Debug|Any CPU
		{E7ED64CC-890D-4AF6-BF43-F2CF78D399F5}.Debug|Any CPU.Build.0 = Debug|Any CPU
		{E7ED64CC-890D-4AF6-BF43-F2CF78D399F5}.Release|Any CPU.ActiveCfg = Release|Any CPU
		{E7ED64CC-890D-4AF6-BF43-F2CF78D399F5}.Release|Any CPU.Build.0 = Release|Any CPU
	EndGlobalSection
	GlobalSection(SolutionProperties) = preSolution
		HideSolutionNode = FALSE
	EndGlobalSection
	GlobalSection(ExtensibilityGlobals) = postSolution
		SolutionGuid = {2978589E-816C-49E2-8B0B-9C60B0116FD7}
	EndGlobalSection
EndGlobal
